// !$*UTF8*$!
{
	archiveVersion = 1;
	classes = {
	};
	objectVersion = 55;
	objects = {

/* Begin PBXBuildFile section */
		2680E8C628C0E6310025A556 /* AppDelegate.swift in Sources */ = {isa = PBXBuildFile; fileRef = 2680E8C528C0E6310025A556 /* AppDelegate.swift */; };
		2680E8C828C0E6310025A556 /* SceneDelegate.swift in Sources */ = {isa = PBXBuildFile; fileRef = 2680E8C728C0E6310025A556 /* SceneDelegate.swift */; };
		2680E8CA28C0E6310025A556 /* ViewController.swift in Sources */ = {isa = PBXBuildFile; fileRef = 2680E8C928C0E6310025A556 /* ViewController.swift */; };
		2680E8CD28C0E6310025A556 /* Main.storyboard in Resources */ = {isa = PBXBuildFile; fileRef = 2680E8CB28C0E6310025A556 /* Main.storyboard */; };
		2680E8CF28C0E6320025A556 /* Assets.xcassets in Resources */ = {isa = PBXBuildFile; fileRef = 2680E8CE28C0E6320025A556 /* Assets.xcassets */; };
		2680E8D228C0E6320025A556 /* LaunchScreen.storyboard in Resources */ = {isa = PBXBuildFile; fileRef = 2680E8D028C0E6320025A556 /* LaunchScreen.storyboard */; };
		2680E8DD28C0E6330025A556 /* SimpleCalcuatorTests.swift in Sources */ = {isa = PBXBuildFile; fileRef = 2680E8DC28C0E6330025A556 /* SimpleCalcuatorTests.swift */; };
		2680E8E728C0E6330025A556 /* SimpleCalcuatorUITests.swift in Sources */ = {isa = PBXBuildFile; fileRef = 2680E8E628C0E6330025A556 /* SimpleCalcuatorUITests.swift */; };
		2680E8E928C0E6330025A556 /* SimpleCalcuatorUITestsLaunchTests.swift in Sources */ = {isa = PBXBuildFile; fileRef = 2680E8E828C0E6330025A556 /* SimpleCalcuatorUITestsLaunchTests.swift */; };
/* End PBXBuildFile section */

/* Begin PBXContainerItemProxy section */
		2680E8D928C0E6330025A556 /* PBXContainerItemProxy */ = {
			isa = PBXContainerItemProxy;
			containerPortal = 2680E8BA28C0E6310025A556 /* Project object */;
			proxyType = 1;
			remoteGlobalIDString = 2680E8C128C0E6310025A556;
			remoteInfo = SimpleCalcuator;
		};
		2680E8E328C0E6330025A556 /* PBXContainerItemProxy */ = {
			isa = PBXContainerItemProxy;
			containerPortal = 2680E8BA28C0E6310025A556 /* Project object */;
			proxyType = 1;
			remoteGlobalIDString = 2680E8C128C0E6310025A556;
			remoteInfo = SimpleCalcuator;
		};
/* End PBXContainerItemProxy section */

/* Begin PBXFileReference section */
		2680E8C228C0E6310025A556 /* SimpleCalcuator.app */ = {isa = PBXFileReference; explicitFileType = wrapper.application; includeInIndex = 0; path = SimpleCalcuator.app; sourceTree = BUILT_PRODUCTS_DIR; };
		2680E8C528C0E6310025A556 /* AppDelegate.swift */ = {isa = PBXFileReference; lastKnownFileType = sourcecode.swift; path = AppDelegate.swift; sourceTree = "<group>"; };
		2680E8C728C0E6310025A556 /* SceneDelegate.swift */ = {isa = PBXFileReference; lastKnownFileType = sourcecode.swift; path = SceneDelegate.swift; sourceTree = "<group>"; };
		2680E8C928C0E6310025A556 /* ViewController.swift */ = {isa = PBXFileReference; lastKnownFileType = sourcecode.swift; path = ViewController.swift; sourceTree = "<group>"; };
		2680E8CC28C0E6310025A556 /* Base */ = {isa = PBXFileReference; lastKnownFileType = file.storyboard; name = Base; path = Base.lproj/Main.storyboard; sourceTree = "<group>"; };
		2680E8CE28C0E6320025A556 /* Assets.xcassets */ = {isa = PBXFileReference; lastKnownFileType = folder.assetcatalog; path = Assets.xcassets; sourceTree = "<group>"; };
		2680E8D128C0E6320025A556 /* Base */ = {isa = PBXFileReference; lastKnownFileType = file.storyboard; name = Base; path = Base.lproj/LaunchScreen.storyboard; sourceTree = "<group>"; };
		2680E8D328C0E6320025A556 /* Info.plist */ = {isa = PBXFileReference; lastKnownFileType = text.plist.xml; path = Info.plist; sourceTree = "<group>"; };
		2680E8D828C0E6330025A556 /* SimpleCalcuatorTests.xctest */ = {isa = PBXFileReference; explicitFileType = wrapper.cfbundle; includeInIndex = 0; path = SimpleCalcuatorTests.xctest; sourceTree = BUILT_PRODUCTS_DIR; };
		2680E8DC28C0E6330025A556 /* SimpleCalcuatorTests.swift */ = {isa = PBXFileReference; lastKnownFileType = sourcecode.swift; path = SimpleCalcuatorTests.swift; sourceTree = "<group>"; };
		2680E8E228C0E6330025A556 /* SimpleCalcuatorUITests.xctest */ = {isa = PBXFileReference; explicitFileType = wrapper.cfbundle; includeInIndex = 0; path = SimpleCalcuatorUITests.xctest; sourceTree = BUILT_PRODUCTS_DIR; };
		2680E8E628C0E6330025A556 /* SimpleCalcuatorUITests.swift */ = {isa = PBXFileReference; lastKnownFileType = sourcecode.swift; path = SimpleCalcuatorUITests.swift; sourceTree = "<group>"; };
		2680E8E828C0E6330025A556 /* SimpleCalcuatorUITestsLaunchTests.swift */ = {isa = PBXFileReference; lastKnownFileType = sourcecode.swift; path = SimpleCalcuatorUITestsLaunchTests.swift; sourceTree = "<group>"; };
/* End PBXFileReference section */

/* Begin PBXFrameworksBuildPhase section */
		2680E8BF28C0E6310025A556 /* Frameworks */ = {
			isa = PBXFrameworksBuildPhase;
			buildActionMask = 2147483647;
			files = (
			);
			runOnlyForDeploymentPostprocessing = 0;
		};
		2680E8D528C0E6330025A556 /* Frameworks */ = {
			isa = PBXFrameworksBuildPhase;
			buildActionMask = 2147483647;
			files = (
			);
			runOnlyForDeploymentPostprocessing = 0;
		};
		2680E8DF28C0E6330025A556 /* Frameworks */ = {
			isa = PBXFrameworksBuildPhase;
			buildActionMask = 2147483647;
			files = (
			);
			runOnlyForDeploymentPostprocessing = 0;
		};
/* End PBXFrameworksBuildPhase section */

/* Begin PBXGroup section */
		2680E8B928C0E6310025A556 = {
			isa = PBXGroup;
			children = (
				2680E8C428C0E6310025A556 /* SimpleCalcuator */,
				2680E8DB28C0E6330025A556 /* SimpleCalcuatorTests */,
				2680E8E528C0E6330025A556 /* SimpleCalcuatorUITests */,
				2680E8C328C0E6310025A556 /* Products */,
			);
			sourceTree = "<group>";
		};
		2680E8C328C0E6310025A556 /* Products */ = {
			isa = PBXGroup;
			children = (
				2680E8C228C0E6310025A556 /* SimpleCalcuator.app */,
				2680E8D828C0E6330025A556 /* SimpleCalcuatorTests.xctest */,
				2680E8E228C0E6330025A556 /* SimpleCalcuatorUITests.xctest */,
			);
			name = Products;
			sourceTree = "<group>";
		};
		2680E8C428C0E6310025A556 /* SimpleCalcuator */ = {
			isa = PBXGroup;
			children = (
				2680E8C528C0E6310025A556 /* AppDelegate.swift */,
				2680E8C728C0E6310025A556 /* SceneDelegate.swift */,
				2680E8C928C0E6310025A556 /* ViewController.swift */,
				2680E8CB28C0E6310025A556 /* Main.storyboard */,
				2680E8CE28C0E6320025A556 /* Assets.xcassets */,
				2680E8D028C0E6320025A556 /* LaunchScreen.storyboard */,
				2680E8D328C0E6320025A556 /* Info.plist */,
			);
			path = SimpleCalcuator;
			sourceTree = "<group>";
		};
		2680E8DB28C0E6330025A556 /* SimpleCalcuatorTests */ = {
			isa = PBXGroup;
			children = (
				2680E8DC28C0E6330025A556 /* SimpleCalcuatorTests.swift */,
			);
			path = SimpleCalcuatorTests;
			sourceTree = "<group>";
		};
		2680E8E528C0E6330025A556 /* SimpleCalcuatorUITests */ = {
			isa = PBXGroup;
			children = (
				2680E8E628C0E6330025A556 /* SimpleCalcuatorUITests.swift */,
				2680E8E828C0E6330025A556 /* SimpleCalcuatorUITestsLaunchTests.swift */,
			);
			path = SimpleCalcuatorUITests;
			sourceTree = "<group>";
		};
/* End PBXGroup section */

/* Begin PBXNativeTarget section */
		2680E8C128C0E6310025A556 /* SimpleCalcuator */ = {
			isa = PBXNativeTarget;
			buildConfigurationList = 2680E8EC28C0E6330025A556 /* Build configuration list for PBXNativeTarget "SimpleCalcuator" */;
			buildPhases = (
				2680E8BE28C0E6310025A556 /* Sources */,
				2680E8BF28C0E6310025A556 /* Frameworks */,
				2680E8C028C0E6310025A556 /* Resources */,
			);
			buildRules = (
			);
			dependencies = (
			);
			name = SimpleCalcuator;
			productName = SimpleCalcuator;
			productReference = 2680E8C228C0E6310025A556 /* SimpleCalcuator.app */;
			productType = "com.apple.product-type.application";
		};
		2680E8D728C0E6330025A556 /* SimpleCalcuatorTests */ = {
			isa = PBXNativeTarget;
			buildConfigurationList = 2680E8EF28C0E6330025A556 /* Build configuration list for PBXNativeTarget "SimpleCalcuatorTests" */;
			buildPhases = (
				2680E8D428C0E6330025A556 /* Sources */,
				2680E8D528C0E6330025A556 /* Frameworks */,
				2680E8D628C0E6330025A556 /* Resources */,
			);
			buildRules = (
			);
			dependencies = (
				2680E8DA28C0E6330025A556 /* PBXTargetDependency */,
			);
			name = SimpleCalcuatorTests;
			productName = SimpleCalcuatorTests;
			productReference = 2680E8D828C0E6330025A556 /* SimpleCalcuatorTests.xctest */;
			productType = "com.apple.product-type.bundle.unit-test";
		};
		2680E8E128C0E6330025A556 /* SimpleCalcuatorUITests */ = {
			isa = PBXNativeTarget;
			buildConfigurationList = 2680E8F228C0E6330025A556 /* Build configuration list for PBXNativeTarget "SimpleCalcuatorUITests" */;
			buildPhases = (
				2680E8DE28C0E6330025A556 /* Sources */,
				2680E8DF28C0E6330025A556 /* Frameworks */,
				2680E8E028C0E6330025A556 /* Resources */,
			);
			buildRules = (
			);
			dependencies = (
				2680E8E428C0E6330025A556 /* PBXTargetDependency */,
			);
			name = SimpleCalcuatorUITests;
			productName = SimpleCalcuatorUITests;
			productReference = 2680E8E228C0E6330025A556 /* SimpleCalcuatorUITests.xctest */;
			productType = "com.apple.product-type.bundle.ui-testing";
		};
/* End PBXNativeTarget section */

/* Begin PBXProject section */
		2680E8BA28C0E6310025A556 /* Project object */ = {
			isa = PBXProject;
			attributes = {
				BuildIndependentTargetsInParallel = 1;
				LastSwiftUpdateCheck = 1340;
				LastUpgradeCheck = 1340;
				TargetAttributes = {
					2680E8C128C0E6310025A556 = {
						CreatedOnToolsVersion = 13.4.1;
					};
					2680E8D728C0E6330025A556 = {
						CreatedOnToolsVersion = 13.4.1;
						TestTargetID = 2680E8C128C0E6310025A556;
					};
					2680E8E128C0E6330025A556 = {
						CreatedOnToolsVersion = 13.4.1;
						TestTargetID = 2680E8C128C0E6310025A556;
					};
				};
			};
			buildConfigurationList = 2680E8BD28C0E6310025A556 /* Build configuration list for PBXProject "SimpleCalcuator" */;
			compatibilityVersion = "Xcode 13.0";
			developmentRegion = en;
			hasScannedForEncodings = 0;
			knownRegions = (
				en,
				Base,
			);
			mainGroup = 2680E8B928C0E6310025A556;
			productRefGroup = 2680E8C328C0E6310025A556 /* Products */;
			projectDirPath = "";
			projectRoot = "";
			targets = (
				2680E8C128C0E6310025A556 /* SimpleCalcuator */,
				2680E8D728C0E6330025A556 /* SimpleCalcuatorTests */,
				2680E8E128C0E6330025A556 /* SimpleCalcuatorUITests */,
			);
		};
/* End PBXProject section */

/* Begin PBXResourcesBuildPhase section */
		2680E8C028C0E6310025A556 /* Resources */ = {
			isa = PBXResourcesBuildPhase;
			buildActionMask = 2147483647;
			files = (
				2680E8D228C0E6320025A556 /* LaunchScreen.storyboard in Resources */,
				2680E8CF28C0E6320025A556 /* Assets.xcassets in Resources */,
				2680E8CD28C0E6310025A556 /* Main.storyboard in Resources */,
			);
			runOnlyForDeploymentPostprocessing = 0;
		};
		2680E8D628C0E6330025A556 /* Resources */ = {
			isa = PBXResourcesBuildPhase;
			buildActionMask = 2147483647;
			files = (
			);
			runOnlyForDeploymentPostprocessing = 0;
		};
		2680E8E028C0E6330025A556 /* Resources */ = {
			isa = PBXResourcesBuildPhase;
			buildActionMask = 2147483647;
			files = (
			);
			runOnlyForDeploymentPostprocessing = 0;
		};
/* End PBXResourcesBuildPhase section */

/* Begin PBXSourcesBuildPhase section */
		2680E8BE28C0E6310025A556 /* Sources */ = {
			isa = PBXSourcesBuildPhase;
			buildActionMask = 2147483647;
			files = (
				2680E8CA28C0E6310025A556 /* ViewController.swift in Sources */,
				2680E8C628C0E6310025A556 /* AppDelegate.swift in Sources */,
				2680E8C828C0E6310025A556 /* SceneDelegate.swift in Sources */,
			);
			runOnlyForDeploymentPostprocessing = 0;
		};
		2680E8D428C0E6330025A556 /* Sources */ = {
			isa = PBXSourcesBuildPhase;
			buildActionMask = 2147483647;
			files = (
				2680E8DD28C0E6330025A556 /* SimpleCalcuatorTests.swift in Sources */,
			);
			runOnlyForDeploymentPostprocessing = 0;
		};
		2680E8DE28C0E6330025A556 /* Sources */ = {
			isa = PBXSourcesBuildPhase;
			buildActionMask = 2147483647;
			files = (
				2680E8E728C0E6330025A556 /* SimpleCalcuatorUITests.swift in Sources */,
				2680E8E928C0E6330025A556 /* SimpleCalcuatorUITestsLaunchTests.swift in Sources */,
			);
			runOnlyForDeploymentPostprocessing = 0;
		};
/* End PBXSourcesBuildPhase section */

/* Begin PBXTargetDependency section */
		2680E8DA28C0E6330025A556 /* PBXTargetDependency */ = {
			isa = PBXTargetDependency;
			target = 2680E8C128C0E6310025A556 /* SimpleCalcuator */;
			targetProxy = 2680E8D928C0E6330025A556 /* PBXContainerItemProxy */;
		};
		2680E8E428C0E6330025A556 /* PBXTargetDependency */ = {
			isa = PBXTargetDependency;
			target = 2680E8C128C0E6310025A556 /* SimpleCalcuator */;
			targetProxy = 2680E8E328C0E6330025A556 /* PBXContainerItemProxy */;
		};
/* End PBXTargetDependency section */

/* Begin PBXVariantGroup section */
		2680E8CB28C0E6310025A556 /* Main.storyboard */ = {
			isa = PBXVariantGroup;
			children = (
				2680E8CC28C0E6310025A556 /* Base */,
			);
			name = Main.storyboard;
			sourceTree = "<group>";
		};
		2680E8D028C0E6320025A556 /* LaunchScreen.storyboard */ = {
			isa = PBXVariantGroup;
			children = (
				2680E8D128C0E6320025A556 /* Base */,
			);
			name = LaunchScreen.storyboard;
			sourceTree = "<group>";
		};
/* End PBXVariantGroup section */

/* Begin XCBuildConfiguration section */
		2680E8EA28C0E6330025A556 /* Debug */ = {
			isa = XCBuildConfiguration;
			buildSettings = {
				ALWAYS_SEARCH_USER_PATHS = NO;
				CLANG_ANALYZER_NONNULL = YES;
				CLANG_ANALYZER_NUMBER_OBJECT_CONVERSION = YES_AGGRESSIVE;
				CLANG_CXX_LANGUAGE_STANDARD = "gnu++17";
				CLANG_ENABLE_MODULES = YES;
				CLANG_ENABLE_OBJC_ARC = YES;
				CLANG_ENABLE_OBJC_WEAK = YES;
				CLANG_WARN_BLOCK_CAPTURE_AUTORELEASING = YES;
				CLANG_WARN_BOOL_CONVERSION = YES;
				CLANG_WARN_COMMA = YES;
				CLANG_WARN_CONSTANT_CONVERSION = YES;
				CLANG_WARN_DEPRECATED_OBJC_IMPLEMENTATIONS = YES;
				CLANG_WARN_DIRECT_OBJC_ISA_USAGE = YES_ERROR;
				CLANG_WARN_DOCUMENTATION_COMMENTS = YES;
				CLANG_WARN_EMPTY_BODY = YES;
				CLANG_WARN_ENUM_CONVERSION = YES;
				CLANG_WARN_INFINITE_RECURSION = YES;
				CLANG_WARN_INT_CONVERSION = YES;
				CLANG_WARN_NON_LITERAL_NULL_CONVERSION = YES;
				CLANG_WARN_OBJC_IMPLICIT_RETAIN_SELF = YES;
				CLANG_WARN_OBJC_LITERAL_CONVERSION = YES;
				CLANG_WARN_OBJC_ROOT_CLASS = YES_ERROR;
				CLANG_WARN_QUOTED_INCLUDE_IN_FRAMEWORK_HEADER = YES;
				CLANG_WARN_RANGE_LOOP_ANALYSIS = YES;
				CLANG_WARN_STRICT_PROTOTYPES = YES;
				CLANG_WARN_SUSPICIOUS_MOVE = YES;
				CLANG_WARN_UNGUARDED_AVAILABILITY = YES_AGGRESSIVE;
				CLANG_WARN_UNREACHABLE_CODE = YES;
				CLANG_WARN__DUPLICATE_METHOD_MATCH = YES;
				COPY_PHASE_STRIP = NO;
				DEBUG_INFORMATION_FORMAT = dwarf;
				ENABLE_STRICT_OBJC_MSGSEND = YES;
				ENABLE_TESTABILITY = YES;
				GCC_C_LANGUAGE_STANDARD = gnu11;
				GCC_DYNAMIC_NO_PIC = NO;
				GCC_NO_COMMON_BLOCKS = YES;
				GCC_OPTIMIZATION_LEVEL = 0;
				GCC_PREPROCESSOR_DEFINITIONS = (
					"DEBUG=1",
					"$(inherited)",
				);
				GCC_WARN_64_TO_32_BIT_CONVERSION = YES;
				GCC_WARN_ABOUT_RETURN_TYPE = YES_ERROR;
				GCC_WARN_UNDECLARED_SELECTOR = YES;
				GCC_WARN_UNINITIALIZED_AUTOS = YES_AGGRESSIVE;
				GCC_WARN_UNUSED_FUNCTION = YES;
				GCC_WARN_UNUSED_VARIABLE = YES;
				IPHONEOS_DEPLOYMENT_TARGET = 15.5;
				MTL_ENABLE_DEBUG_INFO = INCLUDE_SOURCE;
				MTL_FAST_MATH = YES;
				ONLY_ACTIVE_ARCH = YES;
				SDKROOT = iphoneos;
				SWIFT_ACTIVE_COMPILATION_CONDITIONS = DEBUG;
				SWIFT_OPTIMIZATION_LEVEL = "-Onone";
			};
			name = Debug;
		};
		2680E8EB28C0E6330025A556 /* Release */ = {
			isa = XCBuildConfiguration;
			buildSettings = {
				ALWAYS_SEARCH_USER_PATHS = NO;
				CLANG_ANALYZER_NONNULL = YES;
				CLANG_ANALYZER_NUMBER_OBJECT_CONVERSION = YES_AGGRESSIVE;
				CLANG_CXX_LANGUAGE_STANDARD = "gnu++17";
				CLANG_ENABLE_MODULES = YES;
				CLANG_ENABLE_OBJC_ARC = YES;
				CLANG_ENABLE_OBJC_WEAK = YES;
				CLANG_WARN_BLOCK_CAPTURE_AUTORELEASING = YES;
				CLANG_WARN_BOOL_CONVERSION = YES;
				CLANG_WARN_COMMA = YES;
				CLANG_WARN_CONSTANT_CONVERSION = YES;
				CLANG_WARN_DEPRECATED_OBJC_IMPLEMENTATIONS = YES;
				CLANG_WARN_DIRECT_OBJC_ISA_USAGE = YES_ERROR;
				CLANG_WARN_DOCUMENTATION_COMMENTS = YES;
				CLANG_WARN_EMPTY_BODY = YES;
				CLANG_WARN_ENUM_CONVERSION = YES;
				CLANG_WARN_INFINITE_RECURSION = YES;
				CLANG_WARN_INT_CONVERSION = YES;
				CLANG_WARN_NON_LITERAL_NULL_CONVERSION = YES;
				CLANG_WARN_OBJC_IMPLICIT_RETAIN_SELF = YES;
				CLANG_WARN_OBJC_LITERAL_CONVERSION = YES;
				CLANG_WARN_OBJC_ROOT_CLASS = YES_ERROR;
				CLANG_WARN_QUOTED_INCLUDE_IN_FRAMEWORK_HEADER = YES;
				CLANG_WARN_RANGE_LOOP_ANALYSIS = YES;
				CLANG_WARN_STRICT_PROTOTYPES = YES;
				CLANG_WARN_SUSPICIOUS_MOVE = YES;
				CLANG_WARN_UNGUARDED_AVAILABILITY = YES_AGGRESSIVE;
				CLANG_WARN_UNREACHABLE_CODE = YES;
				CLANG_WARN__DUPLICATE_METHOD_MATCH = YES;
				COPY_PHASE_STRIP = NO;
				DEBUG_INFORMATION_FORMAT = "dwarf-with-dsym";
				ENABLE_NS_ASSERTIONS = NO;
				ENABLE_STRICT_OBJC_MSGSEND = YES;
				GCC_C_LANGUAGE_STANDARD = gnu11;
				GCC_NO_COMMON_BLOCKS = YES;
				GCC_WARN_64_TO_32_BIT_CONVERSION = YES;
				GCC_WARN_ABOUT_RETURN_TYPE = YES_ERROR;
				GCC_WARN_UNDECLARED_SELECTOR = YES;
				GCC_WARN_UNINITIALIZED_AUTOS = YES_AGGRESSIVE;
				GCC_WARN_UNUSED_FUNCTION = YES;
				GCC_WARN_UNUSED_VARIABLE = YES;
				IPHONEOS_DEPLOYMENT_TARGET = 15.5;
				MTL_ENABLE_DEBUG_INFO = NO;
				MTL_FAST_MATH = YES;
				SDKROOT = iphoneos;
				SWIFT_COMPILATION_MODE = wholemodule;
				SWIFT_OPTIMIZATION_LEVEL = "-O";
				VALIDATE_PRODUCT = YES;
			};
			name = Release;
		};
		2680E8ED28C0E6330025A556 /* Debug */ = {
			isa = XCBuildConfiguration;
			buildSettings = {
				ASSETCATALOG_COMPILER_APPICON_NAME = AppIcon;
				ASSETCATALOG_COMPILER_GLOBAL_ACCENT_COLOR_NAME = AccentColor;
				CODE_SIGN_STYLE = Automatic;
				CURRENT_PROJECT_VERSION = 1;
				GENERATE_INFOPLIST_FILE = YES;
				INFOPLIST_FILE = SimpleCalcuator/Info.plist;
				INFOPLIST_KEY_CFBundleDisplayName = Calculator;
				INFOPLIST_KEY_UIApplicationSupportsIndirectInputEvents = YES;
				INFOPLIST_KEY_UILaunchStoryboardName = LaunchScreen;
				INFOPLIST_KEY_UIMainStoryboardFile = Main;
				INFOPLIST_KEY_UISupportedInterfaceOrientations_iPad = "UIInterfaceOrientationPortrait UIInterfaceOrientationPortraitUpsideDown UIInterfaceOrientationLandscapeLeft UIInterfaceOrientationLandscapeRight";
				INFOPLIST_KEY_UISupportedInterfaceOrientations_iPhone = "UIInterfaceOrientationPortrait UIInterfaceOrientationLandscapeLeft UIInterfaceOrientationLandscapeRight";
				LD_RUNPATH_SEARCH_PATHS = (
					"$(inherited)",
					"@executable_path/Frameworks",
				);
				MARKETING_VERSION = 1.0;
				PRODUCT_BUNDLE_IDENTIFIER = nwmissouri.edu.SimpleCalcuator;
				PRODUCT_NAME = "$(TARGET_NAME)";
				SWIFT_EMIT_LOC_STRINGS = YES;
				SWIFT_VERSION = 5.0;
				TARGETED_DEVICE_FAMILY = "1,2";
			};
			name = Debug;
		};
		2680E8EE28C0E6330025A556 /* Release */ = {
			isa = XCBuildConfiguration;
			buildSettings = {
				ASSETCATALOG_COMPILER_APPICON_NAME = AppIcon;
				ASSETCATALOG_COMPILER_GLOBAL_ACCENT_COLOR_NAME = AccentColor;
				CODE_SIGN_STYLE = Automatic;
				CURRENT_PROJECT_VERSION = 1;
				GENERATE_INFOPLIST_FILE = YES;
				INFOPLIST_FILE = SimpleCalcuator/Info.plist;
				INFOPLIST_KEY_CFBundleDisplayName = Calculator;
				INFOPLIST_KEY_UIApplicationSupportsIndirectInputEvents = YES;
				INFOPLIST_KEY_UILaunchStoryboardName = LaunchScreen;
				INFOPLIST_KEY_UIMainStoryboardFile = Main;
				INFOPLIST_KEY_UISupportedInterfaceOrientations_iPad = "UIInterfaceOrientationPortrait UIInterfaceOrientationPortraitUpsideDown UIInterfaceOrientationLandscapeLeft UIInterfaceOrientationLandscapeRight";
				INFOPLIST_KEY_UISupportedInterfaceOrientations_iPhone = "UIInterfaceOrientationPortrait UIInterfaceOrientationLandscapeLeft UIInterfaceOrientationLandscapeRight";
				LD_RUNPATH_SEARCH_PATHS = (
					"$(inherited)",
					"@executable_path/Frameworks",
				);
				MARKETING_VERSION = 1.0;
				PRODUCT_BUNDLE_IDENTIFIER = nwmissouri.edu.SimpleCalcuator;
				PRODUCT_NAME = "$(TARGET_NAME)";
				SWIFT_EMIT_LOC_STRINGS = YES;
				SWIFT_VERSION = 5.0;
				TARGETED_DEVICE_FAMILY = "1,2";
			};
			name = Release;
		};
		2680E8F028C0E6330025A556 /* Debug */ = {
			isa = XCBuildConfiguration;
			buildSettings = {
				ALWAYS_EMBED_SWIFT_STANDARD_LIBRARIES = YES;
				BUNDLE_LOADER = "$(TEST_HOST)";
				CODE_SIGN_STYLE = Automatic;
				CURRENT_PROJECT_VERSION = 1;
				GENERATE_INFOPLIST_FILE = YES;
				IPHONEOS_DEPLOYMENT_TARGET = 15.5;
				MARKETING_VERSION = 1.0;
				PRODUCT_BUNDLE_IDENTIFIER = nwmissouri.edu.SimpleCalcuatorTests;
				PRODUCT_NAME = "$(TARGET_NAME)";
				SWIFT_EMIT_LOC_STRINGS = NO;
				SWIFT_VERSION = 5.0;
				TARGETED_DEVICE_FAMILY = "1,2";
				TEST_HOST = "$(BUILT_PRODUCTS_DIR)/SimpleCalcuator.app/SimpleCalcuator";
			};
			name = Debug;
		};
		2680E8F128C0E6330025A556 /* Release */ = {
			isa = XCBuildConfiguration;
			buildSettings = {
				ALWAYS_EMBED_SWIFT_STANDARD_LIBRARIES = YES;
				BUNDLE_LOADER = "$(TEST_HOST)";
				CODE_SIGN_STYLE = Automatic;
				CURRENT_PROJECT_VERSION = 1;
				GENERATE_INFOPLIST_FILE = YES;
				IPHONEOS_DEPLOYMENT_TARGET = 15.5;
				MARKETING_VERSION = 1.0;
				PRODUCT_BUNDLE_IDENTIFIER = nwmissouri.edu.SimpleCalcuatorTests;
				PRODUCT_NAME = "$(TARGET_NAME)";
				SWIFT_EMIT_LOC_STRINGS = NO;
				SWIFT_VERSION = 5.0;
				TARGETED_DEVICE_FAMILY = "1,2";
				TEST_HOST = "$(BUILT_PRODUCTS_DIR)/SimpleCalcuator.app/SimpleCalcuator";
			};
			name = Release;
		};
		2680E8F328C0E6330025A556 /* Debug */ = {
			isa = XCBuildConfiguration;
			buildSettings = {
				ALWAYS_EMBED_SWIFT_STANDARD_LIBRARIES = YES;
				CODE_SIGN_STYLE = Automatic;
				CURRENT_PROJECT_VERSION = 1;
				GENERATE_INFOPLIST_FILE = YES;
				MARKETING_VERSION = 1.0;
				PRODUCT_BUNDLE_IDENTIFIER = nwmissouri.edu.SimpleCalcuatorUITests;
				PRODUCT_NAME = "$(TARGET_NAME)";
				SWIFT_EMIT_LOC_STRINGS = NO;
				SWIFT_VERSION = 5.0;
				TARGETED_DEVICE_FAMILY = "1,2";
				TEST_TARGET_NAME = SimpleCalcuator;
			};
			name = Debug;
		};
		2680E8F428C0E6330025A556 /* Release */ = {
			isa = XCBuildConfiguration;
			buildSettings = {
				ALWAYS_EMBED_SWIFT_STANDARD_LIBRARIES = YES;
				CODE_SIGN_STYLE = Automatic;
				CURRENT_PROJECT_VERSION = 1;
				GENERATE_INFOPLIST_FILE = YES;
				MARKETING_VERSION = 1.0;
				PRODUCT_BUNDLE_IDENTIFIER = nwmissouri.edu.SimpleCalcuatorUITests;
				PRODUCT_NAME = "$(TARGET_NAME)";
				SWIFT_EMIT_LOC_STRINGS = NO;
				SWIFT_VERSION = 5.0;
				TARGETED_DEVICE_FAMILY = "1,2";
				TEST_TARGET_NAME = SimpleCalcuator;
			};
			name = Release;
		};
/* End XCBuildConfiguration section */

/* Begin XCConfigurationList section */
		2680E8BD28C0E6310025A556 /* Build configuration list for PBXProject "SimpleCalcuator" */ = {
			isa = XCConfigurationList;
			buildConfigurations = (
				2680E8EA28C0E6330025A556 /* Debug */,
				2680E8EB28C0E6330025A556 /* Release */,
			);
			defaultConfigurationIsVisible = 0;
			defaultConfigurationName = Release;
		};
		2680E8EC28C0E6330025A556 /* Build configuration list for PBXNativeTarget "SimpleCalcuator" */ = {
			isa = XCConfigurationList;
			buildConfigurations = (
				2680E8ED28C0E6330025A556 /* Debug */,
				2680E8EE28C0E6330025A556 /* Release */,
			);
			defaultConfigurationIsVisible = 0;
			defaultConfigurationName = Release;
		};
		2680E8EF28C0E6330025A556 /* Build configuration list for PBXNativeTarget "SimpleCalcuatorTests" */ = {
			isa = XCConfigurationList;
			buildConfigurations = (
				2680E8F028C0E6330025A556 /* Debug */,
				2680E8F128C0E6330025A556 /* Release */,
			);
			defaultConfigurationIsVisible = 0;
			defaultConfigurationName = Release;
		};
		2680E8F228C0E6330025A556 /* Build configuration list for PBXNativeTarget "SimpleCalcuatorUITests" */ = {
			isa = XCConfigurationList;
			buildConfigurations = (
				2680E8F328C0E6330025A556 /* Debug */,
				2680E8F428C0E6330025A556 /* Release */,
			);
			defaultConfigurationIsVisible = 0;
			defaultConfigurationName = Release;
		};
/* End XCConfigurationList section */
	};
	rootObject = 2680E8BA28C0E6310025A556 /* Project object */;
}
