// !$*UTF8*$!
{
	archiveVersion = 1;
	classes = {
	};
	objectVersion = 55;
	objects = {

/* Begin PBXBuildFile section */
		267F167A290AC08B00655CEA /* AppDelegate.swift in Sources */ = {isa = PBXBuildFile; fileRef = 267F1679290AC08B00655CEA /* AppDelegate.swift */; };
		267F167C290AC08B00655CEA /* SceneDelegate.swift in Sources */ = {isa = PBXBuildFile; fileRef = 267F167B290AC08B00655CEA /* SceneDelegate.swift */; };
		267F167E290AC08B00655CEA /* ViewController.swift in Sources */ = {isa = PBXBuildFile; fileRef = 267F167D290AC08B00655CEA /* ViewController.swift */; };
		267F1681290AC08B00655CEA /* Main.storyboard in Resources */ = {isa = PBXBuildFile; fileRef = 267F167F290AC08B00655CEA /* Main.storyboard */; };
		267F1683290AC08E00655CEA /* Assets.xcassets in Resources */ = {isa = PBXBuildFile; fileRef = 267F1682290AC08E00655CEA /* Assets.xcassets */; };
		267F1686290AC08E00655CEA /* LaunchScreen.storyboard in Resources */ = {isa = PBXBuildFile; fileRef = 267F1684290AC08E00655CEA /* LaunchScreen.storyboard */; };
		267F1691290AC08E00655CEA /* stuentcourseTests.swift in Sources */ = {isa = PBXBuildFile; fileRef = 267F1690290AC08E00655CEA /* stuentcourseTests.swift */; };
		267F169B290AC08E00655CEA /* stuentcourseUITests.swift in Sources */ = {isa = PBXBuildFile; fileRef = 267F169A290AC08E00655CEA /* stuentcourseUITests.swift */; };
		267F169D290AC08E00655CEA /* stuentcourseUITestsLaunchTests.swift in Sources */ = {isa = PBXBuildFile; fileRef = 267F169C290AC08E00655CEA /* stuentcourseUITestsLaunchTests.swift */; };
		267F16AA290AC2CB00655CEA /* StudentViewController.swift in Sources */ = {isa = PBXBuildFile; fileRef = 267F16A9290AC2CB00655CEA /* StudentViewController.swift */; };
		267F16AC290AC2E900655CEA /* CourseViewController.swift in Sources */ = {isa = PBXBuildFile; fileRef = 267F16AB290AC2E900655CEA /* CourseViewController.swift */; };
		267F16AE290AC47A00655CEA /* student.swift in Sources */ = {isa = PBXBuildFile; fileRef = 267F16AD290AC47A00655CEA /* student.swift */; };
/* End PBXBuildFile section */

/* Begin PBXContainerItemProxy section */
		267F168D290AC08E00655CEA /* PBXContainerItemProxy */ = {
			isa = PBXContainerItemProxy;
			containerPortal = 267F166E290AC08B00655CEA /* Project object */;
			proxyType = 1;
			remoteGlobalIDString = 267F1675290AC08B00655CEA;
			remoteInfo = stuentcourse;
		};
		267F1697290AC08E00655CEA /* PBXContainerItemProxy */ = {
			isa = PBXContainerItemProxy;
			containerPortal = 267F166E290AC08B00655CEA /* Project object */;
			proxyType = 1;
			remoteGlobalIDString = 267F1675290AC08B00655CEA;
			remoteInfo = stuentcourse;
		};
/* End PBXContainerItemProxy section */

/* Begin PBXFileReference section */
		267F1676290AC08B00655CEA /* stuentcourse.app */ = {isa = PBXFileReference; explicitFileType = wrapper.application; includeInIndex = 0; path = stuentcourse.app; sourceTree = BUILT_PRODUCTS_DIR; };
		267F1679290AC08B00655CEA /* AppDelegate.swift */ = {isa = PBXFileReference; lastKnownFileType = sourcecode.swift; path = AppDelegate.swift; sourceTree = "<group>"; };
		267F167B290AC08B00655CEA /* SceneDelegate.swift */ = {isa = PBXFileReference; lastKnownFileType = sourcecode.swift; path = SceneDelegate.swift; sourceTree = "<group>"; };
		267F167D290AC08B00655CEA /* ViewController.swift */ = {isa = PBXFileReference; lastKnownFileType = sourcecode.swift; path = ViewController.swift; sourceTree = "<group>"; };
		267F1680290AC08B00655CEA /* Base */ = {isa = PBXFileReference; lastKnownFileType = file.storyboard; name = Base; path = Base.lproj/Main.storyboard; sourceTree = "<group>"; };
		267F1682290AC08E00655CEA /* Assets.xcassets */ = {isa = PBXFileReference; lastKnownFileType = folder.assetcatalog; path = Assets.xcassets; sourceTree = "<group>"; };
		267F1685290AC08E00655CEA /* Base */ = {isa = PBXFileReference; lastKnownFileType = file.storyboard; name = Base; path = Base.lproj/LaunchScreen.storyboard; sourceTree = "<group>"; };
		267F1687290AC08E00655CEA /* Info.plist */ = {isa = PBXFileReference; lastKnownFileType = text.plist.xml; path = Info.plist; sourceTree = "<group>"; };
		267F168C290AC08E00655CEA /* stuentcourseTests.xctest */ = {isa = PBXFileReference; explicitFileType = wrapper.cfbundle; includeInIndex = 0; path = stuentcourseTests.xctest; sourceTree = BUILT_PRODUCTS_DIR; };
		267F1690290AC08E00655CEA /* stuentcourseTests.swift */ = {isa = PBXFileReference; lastKnownFileType = sourcecode.swift; path = stuentcourseTests.swift; sourceTree = "<group>"; };
		267F1696290AC08E00655CEA /* stuentcourseUITests.xctest */ = {isa = PBXFileReference; explicitFileType = wrapper.cfbundle; includeInIndex = 0; path = stuentcourseUITests.xctest; sourceTree = BUILT_PRODUCTS_DIR; };
		267F169A290AC08E00655CEA /* stuentcourseUITests.swift */ = {isa = PBXFileReference; lastKnownFileType = sourcecode.swift; path = stuentcourseUITests.swift; sourceTree = "<group>"; };
		267F169C290AC08E00655CEA /* stuentcourseUITestsLaunchTests.swift */ = {isa = PBXFileReference; lastKnownFileType = sourcecode.swift; path = stuentcourseUITestsLaunchTests.swift; sourceTree = "<group>"; };
		267F16A9290AC2CB00655CEA /* StudentViewController.swift */ = {isa = PBXFileReference; lastKnownFileType = sourcecode.swift; path = StudentViewController.swift; sourceTree = "<group>"; };
		267F16AB290AC2E900655CEA /* CourseViewController.swift */ = {isa = PBXFileReference; lastKnownFileType = sourcecode.swift; path = CourseViewController.swift; sourceTree = "<group>"; };
		267F16AD290AC47A00655CEA /* student.swift */ = {isa = PBXFileReference; lastKnownFileType = sourcecode.swift; path = student.swift; sourceTree = "<group>"; };
/* End PBXFileReference section */

/* Begin PBXFrameworksBuildPhase section */
		267F1673290AC08B00655CEA /* Frameworks */ = {
			isa = PBXFrameworksBuildPhase;
			buildActionMask = 2147483647;
			files = (
			);
			runOnlyForDeploymentPostprocessing = 0;
		};
		267F1689290AC08E00655CEA /* Frameworks */ = {
			isa = PBXFrameworksBuildPhase;
			buildActionMask = 2147483647;
			files = (
			);
			runOnlyForDeploymentPostprocessing = 0;
		};
		267F1693290AC08E00655CEA /* Frameworks */ = {
			isa = PBXFrameworksBuildPhase;
			buildActionMask = 2147483647;
			files = (
			);
			runOnlyForDeploymentPostprocessing = 0;
		};
/* End PBXFrameworksBuildPhase section */

/* Begin PBXGroup section */
		267F166D290AC08B00655CEA = {
			isa = PBXGroup;
			children = (
				267F1678290AC08B00655CEA /* stuentcourse */,
				267F168F290AC08E00655CEA /* stuentcourseTests */,
				267F1699290AC08E00655CEA /* stuentcourseUITests */,
				267F1677290AC08B00655CEA /* Products */,
			);
			sourceTree = "<group>";
		};
		267F1677290AC08B00655CEA /* Products */ = {
			isa = PBXGroup;
			children = (
				267F1676290AC08B00655CEA /* stuentcourse.app */,
				267F168C290AC08E00655CEA /* stuentcourseTests.xctest */,
				267F1696290AC08E00655CEA /* stuentcourseUITests.xctest */,
			);
			name = Products;
			sourceTree = "<group>";
		};
		267F1678290AC08B00655CEA /* stuentcourse */ = {
			isa = PBXGroup;
			children = (
				267F1679290AC08B00655CEA /* AppDelegate.swift */,
				267F167B290AC08B00655CEA /* SceneDelegate.swift */,
				267F167D290AC08B00655CEA /* ViewController.swift */,
				267F167F290AC08B00655CEA /* Main.storyboard */,
				267F1682290AC08E00655CEA /* Assets.xcassets */,
				267F1684290AC08E00655CEA /* LaunchScreen.storyboard */,
				267F1687290AC08E00655CEA /* Info.plist */,
				267F16A9290AC2CB00655CEA /* StudentViewController.swift */,
				267F16AB290AC2E900655CEA /* CourseViewController.swift */,
				267F16AD290AC47A00655CEA /* student.swift */,
			);
			path = stuentcourse;
			sourceTree = "<group>";
		};
		267F168F290AC08E00655CEA /* stuentcourseTests */ = {
			isa = PBXGroup;
			children = (
				267F1690290AC08E00655CEA /* stuentcourseTests.swift */,
			);
			path = stuentcourseTests;
			sourceTree = "<group>";
		};
		267F1699290AC08E00655CEA /* stuentcourseUITests */ = {
			isa = PBXGroup;
			children = (
				267F169A290AC08E00655CEA /* stuentcourseUITests.swift */,
				267F169C290AC08E00655CEA /* stuentcourseUITestsLaunchTests.swift */,
			);
			path = stuentcourseUITests;
			sourceTree = "<group>";
		};
/* End PBXGroup section */

/* Begin PBXNativeTarget section */
		267F1675290AC08B00655CEA /* stuentcourse */ = {
			isa = PBXNativeTarget;
			buildConfigurationList = 267F16A0290AC08E00655CEA /* Build configuration list for PBXNativeTarget "stuentcourse" */;
			buildPhases = (
				267F1672290AC08B00655CEA /* Sources */,
				267F1673290AC08B00655CEA /* Frameworks */,
				267F1674290AC08B00655CEA /* Resources */,
			);
			buildRules = (
			);
			dependencies = (
			);
			name = stuentcourse;
			productName = stuentcourse;
			productReference = 267F1676290AC08B00655CEA /* stuentcourse.app */;
			productType = "com.apple.product-type.application";
		};
		267F168B290AC08E00655CEA /* stuentcourseTests */ = {
			isa = PBXNativeTarget;
			buildConfigurationList = 267F16A3290AC08E00655CEA /* Build configuration list for PBXNativeTarget "stuentcourseTests" */;
			buildPhases = (
				267F1688290AC08E00655CEA /* Sources */,
				267F1689290AC08E00655CEA /* Frameworks */,
				267F168A290AC08E00655CEA /* Resources */,
			);
			buildRules = (
			);
			dependencies = (
				267F168E290AC08E00655CEA /* PBXTargetDependency */,
			);
			name = stuentcourseTests;
			productName = stuentcourseTests;
			productReference = 267F168C290AC08E00655CEA /* stuentcourseTests.xctest */;
			productType = "com.apple.product-type.bundle.unit-test";
		};
		267F1695290AC08E00655CEA /* stuentcourseUITests */ = {
			isa = PBXNativeTarget;
			buildConfigurationList = 267F16A6290AC08E00655CEA /* Build configuration list for PBXNativeTarget "stuentcourseUITests" */;
			buildPhases = (
				267F1692290AC08E00655CEA /* Sources */,
				267F1693290AC08E00655CEA /* Frameworks */,
				267F1694290AC08E00655CEA /* Resources */,
			);
			buildRules = (
			);
			dependencies = (
				267F1698290AC08E00655CEA /* PBXTargetDependency */,
			);
			name = stuentcourseUITests;
			productName = stuentcourseUITests;
			productReference = 267F1696290AC08E00655CEA /* stuentcourseUITests.xctest */;
			productType = "com.apple.product-type.bundle.ui-testing";
		};
/* End PBXNativeTarget section */

/* Begin PBXProject section */
		267F166E290AC08B00655CEA /* Project object */ = {
			isa = PBXProject;
			attributes = {
				BuildIndependentTargetsInParallel = 1;
				LastSwiftUpdateCheck = 1340;
				LastUpgradeCheck = 1340;
				TargetAttributes = {
					267F1675290AC08B00655CEA = {
						CreatedOnToolsVersion = 13.4.1;
					};
					267F168B290AC08E00655CEA = {
						CreatedOnToolsVersion = 13.4.1;
						TestTargetID = 267F1675290AC08B00655CEA;
					};
					267F1695290AC08E00655CEA = {
						CreatedOnToolsVersion = 13.4.1;
						TestTargetID = 267F1675290AC08B00655CEA;
					};
				};
			};
			buildConfigurationList = 267F1671290AC08B00655CEA /* Build configuration list for PBXProject "stuentcourse" */;
			compatibilityVersion = "Xcode 13.0";
			developmentRegion = en;
			hasScannedForEncodings = 0;
			knownRegions = (
				en,
				Base,
			);
			mainGroup = 267F166D290AC08B00655CEA;
			productRefGroup = 267F1677290AC08B00655CEA /* Products */;
			projectDirPath = "";
			projectRoot = "";
			targets = (
				267F1675290AC08B00655CEA /* stuentcourse */,
				267F168B290AC08E00655CEA /* stuentcourseTests */,
				267F1695290AC08E00655CEA /* stuentcourseUITests */,
			);
		};
/* End PBXProject section */

/* Begin PBXResourcesBuildPhase section */
		267F1674290AC08B00655CEA /* Resources */ = {
			isa = PBXResourcesBuildPhase;
			buildActionMask = 2147483647;
			files = (
				267F1686290AC08E00655CEA /* LaunchScreen.storyboard in Resources */,
				267F1683290AC08E00655CEA /* Assets.xcassets in Resources */,
				267F1681290AC08B00655CEA /* Main.storyboard in Resources */,
			);
			runOnlyForDeploymentPostprocessing = 0;
		};
		267F168A290AC08E00655CEA /* Resources */ = {
			isa = PBXResourcesBuildPhase;
			buildActionMask = 2147483647;
			files = (
			);
			runOnlyForDeploymentPostprocessing = 0;
		};
		267F1694290AC08E00655CEA /* Resources */ = {
			isa = PBXResourcesBuildPhase;
			buildActionMask = 2147483647;
			files = (
			);
			runOnlyForDeploymentPostprocessing = 0;
		};
/* End PBXResourcesBuildPhase section */

/* Begin PBXSourcesBuildPhase section */
		267F1672290AC08B00655CEA /* Sources */ = {
			isa = PBXSourcesBuildPhase;
			buildActionMask = 2147483647;
			files = (
				267F16AA290AC2CB00655CEA /* StudentViewController.swift in Sources */,
				267F167E290AC08B00655CEA /* ViewController.swift in Sources */,
				267F167A290AC08B00655CEA /* AppDelegate.swift in Sources */,
				267F16AC290AC2E900655CEA /* CourseViewController.swift in Sources */,
				267F167C290AC08B00655CEA /* SceneDelegate.swift in Sources */,
				267F16AE290AC47A00655CEA /* student.swift in Sources */,
			);
			runOnlyForDeploymentPostprocessing = 0;
		};
		267F1688290AC08E00655CEA /* Sources */ = {
			isa = PBXSourcesBuildPhase;
			buildActionMask = 2147483647;
			files = (
				267F1691290AC08E00655CEA /* stuentcourseTests.swift in Sources */,
			);
			runOnlyForDeploymentPostprocessing = 0;
		};
		267F1692290AC08E00655CEA /* Sources */ = {
			isa = PBXSourcesBuildPhase;
			buildActionMask = 2147483647;
			files = (
				267F169D290AC08E00655CEA /* stuentcourseUITestsLaunchTests.swift in Sources */,
				267F169B290AC08E00655CEA /* stuentcourseUITests.swift in Sources */,
			);
			runOnlyForDeploymentPostprocessing = 0;
		};
/* End PBXSourcesBuildPhase section */

/* Begin PBXTargetDependency section */
		267F168E290AC08E00655CEA /* PBXTargetDependency */ = {
			isa = PBXTargetDependency;
			target = 267F1675290AC08B00655CEA /* stuentcourse */;
			targetProxy = 267F168D290AC08E00655CEA /* PBXContainerItemProxy */;
		};
		267F1698290AC08E00655CEA /* PBXTargetDependency */ = {
			isa = PBXTargetDependency;
			target = 267F1675290AC08B00655CEA /* stuentcourse */;
			targetProxy = 267F1697290AC08E00655CEA /* PBXContainerItemProxy */;
		};
/* End PBXTargetDependency section */

/* Begin PBXVariantGroup section */
		267F167F290AC08B00655CEA /* Main.storyboard */ = {
			isa = PBXVariantGroup;
			children = (
				267F1680290AC08B00655CEA /* Base */,
			);
			name = Main.storyboard;
			sourceTree = "<group>";
		};
		267F1684290AC08E00655CEA /* LaunchScreen.storyboard */ = {
			isa = PBXVariantGroup;
			children = (
				267F1685290AC08E00655CEA /* Base */,
			);
			name = LaunchScreen.storyboard;
			sourceTree = "<group>";
		};
/* End PBXVariantGroup section */

/* Begin XCBuildConfiguration section */
		267F169E290AC08E00655CEA /* Debug */ = {
			isa = XCBuildConfiguration;
			buildSettings = {
				ALWAYS_SEARCH_USER_PATHS = NO;
				CLANG_ANALYZER_NONNULL = YES;
				CLANG_ANALYZER_NUMBER_OBJECT_CONVERSION = YES_AGGRESSIVE;
				CLANG_CXX_LANGUAGE_STANDARD = "gnu++17";
				CLANG_ENABLE_MODULES = YES;
				CLANG_ENABLE_OBJC_ARC = YES;
				CLANG_ENABLE_OBJC_WEAK = YES;
				CLANG_WARN_BLOCK_CAPTURE_AUTORELEASING = YES;
				CLANG_WARN_BOOL_CONVERSION = YES;
				CLANG_WARN_COMMA = YES;
				CLANG_WARN_CONSTANT_CONVERSION = YES;
				CLANG_WARN_DEPRECATED_OBJC_IMPLEMENTATIONS = YES;
				CLANG_WARN_DIRECT_OBJC_ISA_USAGE = YES_ERROR;
				CLANG_WARN_DOCUMENTATION_COMMENTS = YES;
				CLANG_WARN_EMPTY_BODY = YES;
				CLANG_WARN_ENUM_CONVERSION = YES;
				CLANG_WARN_INFINITE_RECURSION = YES;
				CLANG_WARN_INT_CONVERSION = YES;
				CLANG_WARN_NON_LITERAL_NULL_CONVERSION = YES;
				CLANG_WARN_OBJC_IMPLICIT_RETAIN_SELF = YES;
				CLANG_WARN_OBJC_LITERAL_CONVERSION = YES;
				CLANG_WARN_OBJC_ROOT_CLASS = YES_ERROR;
				CLANG_WARN_QUOTED_INCLUDE_IN_FRAMEWORK_HEADER = YES;
				CLANG_WARN_RANGE_LOOP_ANALYSIS = YES;
				CLANG_WARN_STRICT_PROTOTYPES = YES;
				CLANG_WARN_SUSPICIOUS_MOVE = YES;
				CLANG_WARN_UNGUARDED_AVAILABILITY = YES_AGGRESSIVE;
				CLANG_WARN_UNREACHABLE_CODE = YES;
				CLANG_WARN__DUPLICATE_METHOD_MATCH = YES;
				COPY_PHASE_STRIP = NO;
				DEBUG_INFORMATION_FORMAT = dwarf;
				ENABLE_STRICT_OBJC_MSGSEND = YES;
				ENABLE_TESTABILITY = YES;
				GCC_C_LANGUAGE_STANDARD = gnu11;
				GCC_DYNAMIC_NO_PIC = NO;
				GCC_NO_COMMON_BLOCKS = YES;
				GCC_OPTIMIZATION_LEVEL = 0;
				GCC_PREPROCESSOR_DEFINITIONS = (
					"DEBUG=1",
					"$(inherited)",
				);
				GCC_WARN_64_TO_32_BIT_CONVERSION = YES;
				GCC_WARN_ABOUT_RETURN_TYPE = YES_ERROR;
				GCC_WARN_UNDECLARED_SELECTOR = YES;
				GCC_WARN_UNINITIALIZED_AUTOS = YES_AGGRESSIVE;
				GCC_WARN_UNUSED_FUNCTION = YES;
				GCC_WARN_UNUSED_VARIABLE = YES;
				IPHONEOS_DEPLOYMENT_TARGET = 15.5;
				MTL_ENABLE_DEBUG_INFO = INCLUDE_SOURCE;
				MTL_FAST_MATH = YES;
				ONLY_ACTIVE_ARCH = YES;
				SDKROOT = iphoneos;
				SWIFT_ACTIVE_COMPILATION_CONDITIONS = DEBUG;
				SWIFT_OPTIMIZATION_LEVEL = "-Onone";
			};
			name = Debug;
		};
		267F169F290AC08E00655CEA /* Release */ = {
			isa = XCBuildConfiguration;
			buildSettings = {
				ALWAYS_SEARCH_USER_PATHS = NO;
				CLANG_ANALYZER_NONNULL = YES;
				CLANG_ANALYZER_NUMBER_OBJECT_CONVERSION = YES_AGGRESSIVE;
				CLANG_CXX_LANGUAGE_STANDARD = "gnu++17";
				CLANG_ENABLE_MODULES = YES;
				CLANG_ENABLE_OBJC_ARC = YES;
				CLANG_ENABLE_OBJC_WEAK = YES;
				CLANG_WARN_BLOCK_CAPTURE_AUTORELEASING = YES;
				CLANG_WARN_BOOL_CONVERSION = YES;
				CLANG_WARN_COMMA = YES;
				CLANG_WARN_CONSTANT_CONVERSION = YES;
				CLANG_WARN_DEPRECATED_OBJC_IMPLEMENTATIONS = YES;
				CLANG_WARN_DIRECT_OBJC_ISA_USAGE = YES_ERROR;
				CLANG_WARN_DOCUMENTATION_COMMENTS = YES;
				CLANG_WARN_EMPTY_BODY = YES;
				CLANG_WARN_ENUM_CONVERSION = YES;
				CLANG_WARN_INFINITE_RECURSION = YES;
				CLANG_WARN_INT_CONVERSION = YES;
				CLANG_WARN_NON_LITERAL_NULL_CONVERSION = YES;
				CLANG_WARN_OBJC_IMPLICIT_RETAIN_SELF = YES;
				CLANG_WARN_OBJC_LITERAL_CONVERSION = YES;
				CLANG_WARN_OBJC_ROOT_CLASS = YES_ERROR;
				CLANG_WARN_QUOTED_INCLUDE_IN_FRAMEWORK_HEADER = YES;
				CLANG_WARN_RANGE_LOOP_ANALYSIS = YES;
				CLANG_WARN_STRICT_PROTOTYPES = YES;
				CLANG_WARN_SUSPICIOUS_MOVE = YES;
				CLANG_WARN_UNGUARDED_AVAILABILITY = YES_AGGRESSIVE;
				CLANG_WARN_UNREACHABLE_CODE = YES;
				CLANG_WARN__DUPLICATE_METHOD_MATCH = YES;
				COPY_PHASE_STRIP = NO;
				DEBUG_INFORMATION_FORMAT = "dwarf-with-dsym";
				ENABLE_NS_ASSERTIONS = NO;
				ENABLE_STRICT_OBJC_MSGSEND = YES;
				GCC_C_LANGUAGE_STANDARD = gnu11;
				GCC_NO_COMMON_BLOCKS = YES;
				GCC_WARN_64_TO_32_BIT_CONVERSION = YES;
				GCC_WARN_ABOUT_RETURN_TYPE = YES_ERROR;
				GCC_WARN_UNDECLARED_SELECTOR = YES;
				GCC_WARN_UNINITIALIZED_AUTOS = YES_AGGRESSIVE;
				GCC_WARN_UNUSED_FUNCTION = YES;
				GCC_WARN_UNUSED_VARIABLE = YES;
				IPHONEOS_DEPLOYMENT_TARGET = 15.5;
				MTL_ENABLE_DEBUG_INFO = NO;
				MTL_FAST_MATH = YES;
				SDKROOT = iphoneos;
				SWIFT_COMPILATION_MODE = wholemodule;
				SWIFT_OPTIMIZATION_LEVEL = "-O";
				VALIDATE_PRODUCT = YES;
			};
			name = Release;
		};
		267F16A1290AC08E00655CEA /* Debug */ = {
			isa = XCBuildConfiguration;
			buildSettings = {
				ASSETCATALOG_COMPILER_APPICON_NAME = AppIcon;
				ASSETCATALOG_COMPILER_GLOBAL_ACCENT_COLOR_NAME = AccentColor;
				CODE_SIGN_STYLE = Automatic;
				CURRENT_PROJECT_VERSION = 1;
				GENERATE_INFOPLIST_FILE = YES;
				INFOPLIST_FILE = stuentcourse/Info.plist;
				INFOPLIST_KEY_CFBundleDisplayName = studentCourse;
				INFOPLIST_KEY_UIApplicationSupportsIndirectInputEvents = YES;
				INFOPLIST_KEY_UILaunchStoryboardName = LaunchScreen;
				INFOPLIST_KEY_UIMainStoryboardFile = Main;
				INFOPLIST_KEY_UISupportedInterfaceOrientations_iPad = "UIInterfaceOrientationPortrait UIInterfaceOrientationPortraitUpsideDown UIInterfaceOrientationLandscapeLeft UIInterfaceOrientationLandscapeRight";
				INFOPLIST_KEY_UISupportedInterfaceOrientations_iPhone = "UIInterfaceOrientationPortrait UIInterfaceOrientationLandscapeLeft UIInterfaceOrientationLandscapeRight";
				LD_RUNPATH_SEARCH_PATHS = (
					"$(inherited)",
					"@executable_path/Frameworks",
				);
				MARKETING_VERSION = 1.0;
				PRODUCT_BUNDLE_IDENTIFIER = nwmsu.stuentcourse;
				PRODUCT_NAME = "$(TARGET_NAME)";
				SWIFT_EMIT_LOC_STRINGS = YES;
				SWIFT_VERSION = 5.0;
				TARGETED_DEVICE_FAMILY = "1,2";
			};
			name = Debug;
		};
		267F16A2290AC08E00655CEA /* Release */ = {
			isa = XCBuildConfiguration;
			buildSettings = {
				ASSETCATALOG_COMPILER_APPICON_NAME = AppIcon;
				ASSETCATALOG_COMPILER_GLOBAL_ACCENT_COLOR_NAME = AccentColor;
				CODE_SIGN_STYLE = Automatic;
				CURRENT_PROJECT_VERSION = 1;
				GENERATE_INFOPLIST_FILE = YES;
				INFOPLIST_FILE = stuentcourse/Info.plist;
				INFOPLIST_KEY_CFBundleDisplayName = studentCourse;
				INFOPLIST_KEY_UIApplicationSupportsIndirectInputEvents = YES;
				INFOPLIST_KEY_UILaunchStoryboardName = LaunchScreen;
				INFOPLIST_KEY_UIMainStoryboardFile = Main;
				INFOPLIST_KEY_UISupportedInterfaceOrientations_iPad = "UIInterfaceOrientationPortrait UIInterfaceOrientationPortraitUpsideDown UIInterfaceOrientationLandscapeLeft UIInterfaceOrientationLandscapeRight";
				INFOPLIST_KEY_UISupportedInterfaceOrientations_iPhone = "UIInterfaceOrientationPortrait UIInterfaceOrientationLandscapeLeft UIInterfaceOrientationLandscapeRight";
				LD_RUNPATH_SEARCH_PATHS = (
					"$(inherited)",
					"@executable_path/Frameworks",
				);
				MARKETING_VERSION = 1.0;
				PRODUCT_BUNDLE_IDENTIFIER = nwmsu.stuentcourse;
				PRODUCT_NAME = "$(TARGET_NAME)";
				SWIFT_EMIT_LOC_STRINGS = YES;
				SWIFT_VERSION = 5.0;
				TARGETED_DEVICE_FAMILY = "1,2";
			};
			name = Release;
		};
		267F16A4290AC08E00655CEA /* Debug */ = {
			isa = XCBuildConfiguration;
			buildSettings = {
				ALWAYS_EMBED_SWIFT_STANDARD_LIBRARIES = YES;
				BUNDLE_LOADER = "$(TEST_HOST)";
				CODE_SIGN_STYLE = Automatic;
				CURRENT_PROJECT_VERSION = 1;
				GENERATE_INFOPLIST_FILE = YES;
				IPHONEOS_DEPLOYMENT_TARGET = 15.5;
				MARKETING_VERSION = 1.0;
				PRODUCT_BUNDLE_IDENTIFIER = nwmsu.stuentcourseTests;
				PRODUCT_NAME = "$(TARGET_NAME)";
				SWIFT_EMIT_LOC_STRINGS = NO;
				SWIFT_VERSION = 5.0;
				TARGETED_DEVICE_FAMILY = "1,2";
				TEST_HOST = "$(BUILT_PRODUCTS_DIR)/stuentcourse.app/stuentcourse";
			};
			name = Debug;
		};
		267F16A5290AC08E00655CEA /* Release */ = {
			isa = XCBuildConfiguration;
			buildSettings = {
				ALWAYS_EMBED_SWIFT_STANDARD_LIBRARIES = YES;
				BUNDLE_LOADER = "$(TEST_HOST)";
				CODE_SIGN_STYLE = Automatic;
				CURRENT_PROJECT_VERSION = 1;
				GENERATE_INFOPLIST_FILE = YES;
				IPHONEOS_DEPLOYMENT_TARGET = 15.5;
				MARKETING_VERSION = 1.0;
				PRODUCT_BUNDLE_IDENTIFIER = nwmsu.stuentcourseTests;
				PRODUCT_NAME = "$(TARGET_NAME)";
				SWIFT_EMIT_LOC_STRINGS = NO;
				SWIFT_VERSION = 5.0;
				TARGETED_DEVICE_FAMILY = "1,2";
				TEST_HOST = "$(BUILT_PRODUCTS_DIR)/stuentcourse.app/stuentcourse";
			};
			name = Release;
		};
		267F16A7290AC08E00655CEA /* Debug */ = {
			isa = XCBuildConfiguration;
			buildSettings = {
				ALWAYS_EMBED_SWIFT_STANDARD_LIBRARIES = YES;
				CODE_SIGN_STYLE = Automatic;
				CURRENT_PROJECT_VERSION = 1;
				GENERATE_INFOPLIST_FILE = YES;
				MARKETING_VERSION = 1.0;
				PRODUCT_BUNDLE_IDENTIFIER = nwmsu.stuentcourseUITests;
				PRODUCT_NAME = "$(TARGET_NAME)";
				SWIFT_EMIT_LOC_STRINGS = NO;
				SWIFT_VERSION = 5.0;
				TARGETED_DEVICE_FAMILY = "1,2";
				TEST_TARGET_NAME = stuentcourse;
			};
			name = Debug;
		};
		267F16A8290AC08E00655CEA /* Release */ = {
			isa = XCBuildConfiguration;
			buildSettings = {
				ALWAYS_EMBED_SWIFT_STANDARD_LIBRARIES = YES;
				CODE_SIGN_STYLE = Automatic;
				CURRENT_PROJECT_VERSION = 1;
				GENERATE_INFOPLIST_FILE = YES;
				MARKETING_VERSION = 1.0;
				PRODUCT_BUNDLE_IDENTIFIER = nwmsu.stuentcourseUITests;
				PRODUCT_NAME = "$(TARGET_NAME)";
				SWIFT_EMIT_LOC_STRINGS = NO;
				SWIFT_VERSION = 5.0;
				TARGETED_DEVICE_FAMILY = "1,2";
				TEST_TARGET_NAME = stuentcourse;
			};
			name = Release;
		};
/* End XCBuildConfiguration section */

/* Begin XCConfigurationList section */
		267F1671290AC08B00655CEA /* Build configuration list for PBXProject "stuentcourse" */ = {
			isa = XCConfigurationList;
			buildConfigurations = (
				267F169E290AC08E00655CEA /* Debug */,
				267F169F290AC08E00655CEA /* Release */,
			);
			defaultConfigurationIsVisible = 0;
			defaultConfigurationName = Release;
		};
		267F16A0290AC08E00655CEA /* Build configuration list for PBXNativeTarget "stuentcourse" */ = {
			isa = XCConfigurationList;
			buildConfigurations = (
				267F16A1290AC08E00655CEA /* Debug */,
				267F16A2290AC08E00655CEA /* Release */,
			);
			defaultConfigurationIsVisible = 0;
			defaultConfigurationName = Release;
		};
		267F16A3290AC08E00655CEA /* Build configuration list for PBXNativeTarget "stuentcourseTests" */ = {
			isa = XCConfigurationList;
			buildConfigurations = (
				267F16A4290AC08E00655CEA /* Debug */,
				267F16A5290AC08E00655CEA /* Release */,
			);
			defaultConfigurationIsVisible = 0;
			defaultConfigurationName = Release;
		};
		267F16A6290AC08E00655CEA /* Build configuration list for PBXNativeTarget "stuentcourseUITests" */ = {
			isa = XCConfigurationList;
			buildConfigurations = (
				267F16A7290AC08E00655CEA /* Debug */,
				267F16A8290AC08E00655CEA /* Release */,
			);
			defaultConfigurationIsVisible = 0;
			defaultConfigurationName = Release;
		};
/* End XCConfigurationList section */
	};
	rootObject = 267F166E290AC08B00655CEA /* Project object */;
}
